
Microsoft Visual Studio Solution File, Format Version 12.00
# Visual Studio Version 17
VisualStudioVersion = 17.13.35825.156
MinimumVisualStudioVersion = 10.0.40219.1
Project("{FAE04EC0-301F-11D3-BF4B-00C04F79EFBC}") = "BibliotecaCS", "BibliotecaCS\BibliotecaCS.csproj", "{FE521417-92F9-4747-892F-F22E0953A60B}"
EndProject
Global
	GlobalSection(SolutionConfigurationPlatforms) = preSolution
		Debug|Any CPU = Debug|Any CPU
		Release|Any CPU = Release|Any CPU
	EndGlobalSection
	GlobalSection(ProjectConfigurationPlatforms) = postSolution
		{FE521417-92F9-4747-892F-F22E0953A60B}.Debug|Any CPU.ActiveCfg = Debug|Any CPU
		{FE521417-92F9-4747-892F-F22E0953A60B}.Debug|Any CPU.Build.0 = Debug|Any CPU
		{FE521417-92F9-4747-892F-F22E0953A60B}.Release|Any CPU.ActiveCfg = Release|Any CPU
		{FE521417-92F9-4747-892F-F22E0953A60B}.Release|Any CPU.Build.0 = Release|Any CPU
	EndGlobalSection
	GlobalSection(SolutionProperties) = preSolution
		HideSolutionNode = FALSE
	EndGlobalSection
	GlobalSection(ExtensibilityGlobals) = postSolution
		SolutionGuid = {874A04D9-4081-443B-AF9C-42854FA6333B}
	EndGlobalSection
EndGlobal
